
Microsoft Visual Studio Solution File, Format Version 12.00
# Visual Studio Version 17
VisualStudioVersion = 17.7.34031.279
MinimumVisualStudioVersion = 10.0.40219.1
Project("{FAE04EC0-301F-11D3-BF4B-00C04F79EFBC}") = "myJsonParser", "src\myJsonParser\myJsonParser.csproj", "{AEA266AD-3051-4E14-837D-D01E72961233}"
EndProject
Project("{FAE04EC0-301F-11D3-BF4B-00C04F79EFBC}") = "myJsonParser.Test", "tests\myJsonParser.Test\myJsonParser.Test.csproj", "{E9AE787D-8C64-466C-AA52-D00F16669665}"
EndProject
Global
	GlobalSection(SolutionConfigurationPlatforms) = preSolution
		Debug|Any CPU = Debug|Any CPU
		Release|Any CPU = Release|Any CPU
	EndGlobalSection
	GlobalSection(ProjectConfigurationPlatforms) = postSolution
		{AEA266AD-3051-4E14-837D-D01E72961233}.Debug|Any CPU.ActiveCfg = Debug|Any CPU
		{AEA266AD-3051-4E14-837D-D01E72961233}.Debug|Any CPU.Build.0 = Debug|Any CPU
		{AEA266AD-3051-4E14-837D-D01E72961233}.Release|Any CPU.ActiveCfg = Release|Any CPU
		{AEA266AD-3051-4E14-837D-D01E72961233}.Release|Any CPU.Build.0 = Release|Any CPU
		{E9AE787D-8C64-466C-AA52-D00F16669665}.Debug|Any CPU.ActiveCfg = Debug|Any CPU
		{E9AE787D-8C64-466C-AA52-D00F16669665}.Debug|Any CPU.Build.0 = Debug|Any CPU
		{E9AE787D-8C64-466C-AA52-D00F16669665}.Release|Any CPU.ActiveCfg = Release|Any CPU
		{E9AE787D-8C64-466C-AA52-D00F16669665}.Release|Any CPU.Build.0 = Release|Any CPU
	EndGlobalSection
	GlobalSection(SolutionProperties) = preSolution
		HideSolutionNode = FALSE
	EndGlobalSection
	GlobalSection(ExtensibilityGlobals) = postSolution
		SolutionGuid = {F6625A3F-4547-4369-BF23-1423E26903EF}
	EndGlobalSection
EndGlobal
